
Microsoft Visual Studio Solution File, Format Version 12.00
# Visual Studio Version 16
VisualStudioVersion = 16.0.30104.148
MinimumVisualStudioVersion = 10.0.40219.1
Project("{FAE04EC0-301F-11D3-BF4B-00C04F79EFBC}") = "Common", "Common\Common.csproj", "{6D23F5FB-04D4-4D7E-BDFF-FCA718309298}"
EndProject
Project("{FAE04EC0-301F-11D3-BF4B-00C04F79EFBC}") = "PackFileTest", "PackFileTest\PackFileTest.csproj", "{C3A9D2C3-E35C-4160-9ED9-68B8A5BF5F9C}"
EndProject
Project("{FAE04EC0-301F-11D3-BF4B-00C04F79EFBC}") = "DecodeTool", "DecodeTool\DecodeTool.csproj", "{B7E18A8E-7797-4865-97CD-97B2915AA774}"
EndProject
Project("{FAE04EC0-301F-11D3-BF4B-00C04F79EFBC}") = "Filetypes", "Filetypes\Filetypes.csproj", "{2419C2AF-48A3-40D2-980B-36AB2D81DC74}"
EndProject
Project("{FAE04EC0-301F-11D3-BF4B-00C04F79EFBC}") = "PackFileManager", "PackFileManager\PackFileManager.csproj", "{BED0F2F6-BD7B-4D6D-8959-98A6E9B6F88A}"
EndProject
Project("{FAE04EC0-301F-11D3-BF4B-00C04F79EFBC}") = "EsfControl", "EsfControl\EsfControl.csproj", "{AD415480-8879-4271-B8A6-CB7391DEA78C}"
EndProject
Project("{FAE04EC0-301F-11D3-BF4B-00C04F79EFBC}") = "AutoUpdater", "AutoUpdater\AutoUpdater.csproj", "{89BF640C-76D4-4A04-A997-98594475D60C}"
EndProject
Project("{FAE04EC0-301F-11D3-BF4B-00C04F79EFBC}") = "Release Build", "Release Build\Release Build.csproj", "{69EFD9F5-3100-4133-B4F5-289D7B07E448}"
EndProject
Project("{FAE04EC0-301F-11D3-BF4B-00C04F79EFBC}") = "PfmCL", "PfmCL\PfmCL.csproj", "{C8E2294E-525D-4EBF-95B1-5ACFBB556DC9}"
	ProjectSection(ProjectDependencies) = postProject
		{6D23F5FB-04D4-4D7E-BDFF-FCA718309298} = {6D23F5FB-04D4-4D7E-BDFF-FCA718309298}
	EndProjectSection
EndProject
Project("{FAE04EC0-301F-11D3-BF4B-00C04F79EFBC}") = "CommonDialogs", "CommonDialogs\CommonDialogs.csproj", "{1B2FA4F4-C320-496F-9365-636D9180BE03}"
EndProject
Project("{FAE04EC0-301F-11D3-BF4B-00C04F79EFBC}") = "CommonUtilities", "CommonUtilities\CommonUtilities.csproj", "{32F411D6-4EB1-41EA-9071-FC4B3FB62E65}"
EndProject
Project("{FAE04EC0-301F-11D3-BF4B-00C04F79EFBC}") = "DbSql", "DbSql\DbSql.csproj", "{7CB586B7-A10B-4540-899B-671B9383605E}"
EndProject
Project("{FAE04EC0-301F-11D3-BF4B-00C04F79EFBC}") = "DBEditorTableControl", "DBEditorTableControl\DBEditorTableControl.csproj", "{3B928C9E-A55F-4912-9880-FF134E68AFCA}"
EndProject
Project("{FAE04EC0-301F-11D3-BF4B-00C04F79EFBC}") = "SchemaIntegration", "SchemaIntegration\SchemaIntegration.csproj", "{52372C28-0599-4971-8040-3A0AF7C0BD07}"
EndProject
Project("{FAE04EC0-301F-11D3-BF4B-00C04F79EFBC}") = "DbDecoding", "DbDecoding\DbDecoding.csproj", "{C4EADC9F-E863-4262-A280-A9AEC73DA75E}"
EndProject
Project("{FAE04EC0-301F-11D3-BF4B-00C04F79EFBC}") = "DbEntryCorrection", "DbEntryCorrection\DbEntryCorrection.csproj", "{BA340F87-CA7E-42C8-ABFF-FC5543B4F4CB}"
EndProject
Project("{2150E333-8FDC-42A3-9474-1A3956D46DE8}") = "Libraries", "Libraries", "{760490AD-8443-49C5-86AA-6FAF17A4F737}"
EndProject
Project("{2150E333-8FDC-42A3-9474-1A3956D46DE8}") = "Executables", "Executables", "{0993A193-5460-474C-B722-BC16481AFE74}"
EndProject
Project("{2150E333-8FDC-42A3-9474-1A3956D46DE8}") = "Tests", "Tests", "{06C8C53D-D91A-44DE-A289-79632BC3939B}"
EndProject
Project("{2150E333-8FDC-42A3-9474-1A3956D46DE8}") = "HelperTools", "HelperTools", "{A01B2208-0F78-4008-93DA-B1DC9685DA90}"
EndProject
Project("{FAE04EC0-301F-11D3-BF4B-00C04F79EFBC}") = "PackFileManagerUnitTests", "PackFileManagerUnitTests\PackFileManagerUnitTests.csproj", "{94FEC88C-CC96-487A-B3E8-0BAC8C384ACF}"
EndProject
Global
	GlobalSection(SolutionConfigurationPlatforms) = preSolution
		Debug|Any CPU = Debug|Any CPU
		Debug|x86 = Debug|x86
		Linux|Any CPU = Linux|Any CPU
		Linux|x86 = Linux|x86
		Release|Any CPU = Release|Any CPU
		Release|x86 = Release|x86
	EndGlobalSection
	GlobalSection(ProjectConfigurationPlatforms) = postSolution
		{6D23F5FB-04D4-4D7E-BDFF-FCA718309298}.Debug|Any CPU.ActiveCfg = Debug|Any CPU
		{6D23F5FB-04D4-4D7E-BDFF-FCA718309298}.Debug|Any CPU.Build.0 = Debug|Any CPU
		{6D23F5FB-04D4-4D7E-BDFF-FCA718309298}.Debug|x86.ActiveCfg = Debug|Any CPU
		{6D23F5FB-04D4-4D7E-BDFF-FCA718309298}.Debug|x86.Build.0 = Debug|Any CPU
		{6D23F5FB-04D4-4D7E-BDFF-FCA718309298}.Linux|Any CPU.ActiveCfg = Debug|Any CPU
		{6D23F5FB-04D4-4D7E-BDFF-FCA718309298}.Linux|Any CPU.Build.0 = Debug|Any CPU
		{6D23F5FB-04D4-4D7E-BDFF-FCA718309298}.Linux|x86.ActiveCfg = Release|Any CPU
		{6D23F5FB-04D4-4D7E-BDFF-FCA718309298}.Linux|x86.Build.0 = Release|Any CPU
		{6D23F5FB-04D4-4D7E-BDFF-FCA718309298}.Release|Any CPU.ActiveCfg = Release|Any CPU
		{6D23F5FB-04D4-4D7E-BDFF-FCA718309298}.Release|Any CPU.Build.0 = Release|Any CPU
		{6D23F5FB-04D4-4D7E-BDFF-FCA718309298}.Release|x86.ActiveCfg = Release|Any CPU
		{6D23F5FB-04D4-4D7E-BDFF-FCA718309298}.Release|x86.Build.0 = Release|Any CPU
		{C3A9D2C3-E35C-4160-9ED9-68B8A5BF5F9C}.Debug|Any CPU.ActiveCfg = Debug|Any CPU
		{C3A9D2C3-E35C-4160-9ED9-68B8A5BF5F9C}.Debug|Any CPU.Build.0 = Debug|Any CPU
		{C3A9D2C3-E35C-4160-9ED9-68B8A5BF5F9C}.Debug|x86.ActiveCfg = Debug|Any CPU
		{C3A9D2C3-E35C-4160-9ED9-68B8A5BF5F9C}.Debug|x86.Build.0 = Debug|Any CPU
		{C3A9D2C3-E35C-4160-9ED9-68B8A5BF5F9C}.Linux|Any CPU.ActiveCfg = Debug|Any CPU
		{C3A9D2C3-E35C-4160-9ED9-68B8A5BF5F9C}.Linux|Any CPU.Build.0 = Debug|Any CPU
		{C3A9D2C3-E35C-4160-9ED9-68B8A5BF5F9C}.Linux|x86.ActiveCfg = Release|Any CPU
		{C3A9D2C3-E35C-4160-9ED9-68B8A5BF5F9C}.Linux|x86.Build.0 = Release|Any CPU
		{C3A9D2C3-E35C-4160-9ED9-68B8A5BF5F9C}.Release|Any CPU.ActiveCfg = Release|Any CPU
		{C3A9D2C3-E35C-4160-9ED9-68B8A5BF5F9C}.Release|x86.ActiveCfg = Release|Any CPU
		{C3A9D2C3-E35C-4160-9ED9-68B8A5BF5F9C}.Release|x86.Build.0 = Release|Any CPU
		{B7E18A8E-7797-4865-97CD-97B2915AA774}.Debug|Any CPU.ActiveCfg = Debug|Any CPU
		{B7E18A8E-7797-4865-97CD-97B2915AA774}.Debug|Any CPU.Build.0 = Debug|Any CPU
		{B7E18A8E-7797-4865-97CD-97B2915AA774}.Debug|x86.ActiveCfg = Debug|Any CPU
		{B7E18A8E-7797-4865-97CD-97B2915AA774}.Debug|x86.Build.0 = Debug|Any CPU
		{B7E18A8E-7797-4865-97CD-97B2915AA774}.Linux|Any CPU.ActiveCfg = Debug|Any CPU
		{B7E18A8E-7797-4865-97CD-97B2915AA774}.Linux|Any CPU.Build.0 = Debug|Any CPU
		{B7E18A8E-7797-4865-97CD-97B2915AA774}.Linux|x86.ActiveCfg = Release|Any CPU
		{B7E18A8E-7797-4865-97CD-97B2915AA774}.Linux|x86.Build.0 = Release|Any CPU
		{B7E18A8E-7797-4865-97CD-97B2915AA774}.Release|Any CPU.ActiveCfg = Release|Any CPU
		{B7E18A8E-7797-4865-97CD-97B2915AA774}.Release|Any CPU.Build.0 = Release|Any CPU
		{B7E18A8E-7797-4865-97CD-97B2915AA774}.Release|x86.ActiveCfg = Release|Any CPU
		{B7E18A8E-7797-4865-97CD-97B2915AA774}.Release|x86.Build.0 = Release|Any CPU
		{2419C2AF-48A3-40D2-980B-36AB2D81DC74}.Debug|Any CPU.ActiveCfg = Debug|Any CPU
		{2419C2AF-48A3-40D2-980B-36AB2D81DC74}.Debug|Any CPU.Build.0 = Debug|Any CPU
		{2419C2AF-48A3-40D2-980B-36AB2D81DC74}.Debug|x86.ActiveCfg = Debug|Any CPU
		{2419C2AF-48A3-40D2-980B-36AB2D81DC74}.Debug|x86.Build.0 = Debug|Any CPU
		{2419C2AF-48A3-40D2-980B-36AB2D81DC74}.Linux|Any CPU.ActiveCfg = Debug|Any CPU
		{2419C2AF-48A3-40D2-980B-36AB2D81DC74}.Linux|Any CPU.Build.0 = Debug|Any CPU
		{2419C2AF-48A3-40D2-980B-36AB2D81DC74}.Linux|x86.ActiveCfg = Release|Any CPU
		{2419C2AF-48A3-40D2-980B-36AB2D81DC74}.Linux|x86.Build.0 = Release|Any CPU
		{2419C2AF-48A3-40D2-980B-36AB2D81DC74}.Release|Any CPU.ActiveCfg = Release|Any CPU
		{2419C2AF-48A3-40D2-980B-36AB2D81DC74}.Release|Any CPU.Build.0 = Release|Any CPU
		{2419C2AF-48A3-40D2-980B-36AB2D81DC74}.Release|x86.ActiveCfg = Release|Any CPU
		{2419C2AF-48A3-40D2-980B-36AB2D81DC74}.Release|x86.Build.0 = Release|Any CPU
		{BED0F2F6-BD7B-4D6D-8959-98A6E9B6F88A}.Debug|Any CPU.ActiveCfg = Debug|Any CPU
		{BED0F2F6-BD7B-4D6D-8959-98A6E9B6F88A}.Debug|Any CPU.Build.0 = Debug|Any CPU
		{BED0F2F6-BD7B-4D6D-8959-98A6E9B6F88A}.Debug|x86.ActiveCfg = Debug|Any CPU
		{BED0F2F6-BD7B-4D6D-8959-98A6E9B6F88A}.Debug|x86.Build.0 = Debug|Any CPU
		{BED0F2F6-BD7B-4D6D-8959-98A6E9B6F88A}.Linux|Any CPU.ActiveCfg = Debug|Any CPU
		{BED0F2F6-BD7B-4D6D-8959-98A6E9B6F88A}.Linux|Any CPU.Build.0 = Debug|Any CPU
		{BED0F2F6-BD7B-4D6D-8959-98A6E9B6F88A}.Linux|x86.ActiveCfg = Release|Any CPU
		{BED0F2F6-BD7B-4D6D-8959-98A6E9B6F88A}.Linux|x86.Build.0 = Release|Any CPU
		{BED0F2F6-BD7B-4D6D-8959-98A6E9B6F88A}.Release|Any CPU.ActiveCfg = Release|Any CPU
		{BED0F2F6-BD7B-4D6D-8959-98A6E9B6F88A}.Release|Any CPU.Build.0 = Release|Any CPU
		{BED0F2F6-BD7B-4D6D-8959-98A6E9B6F88A}.Release|x86.ActiveCfg = Release|Any CPU
		{BED0F2F6-BD7B-4D6D-8959-98A6E9B6F88A}.Release|x86.Build.0 = Release|Any CPU
		{AD415480-8879-4271-B8A6-CB7391DEA78C}.Debug|Any CPU.ActiveCfg = Debug|Any CPU
		{AD415480-8879-4271-B8A6-CB7391DEA78C}.Debug|Any CPU.Build.0 = Debug|Any CPU
		{AD415480-8879-4271-B8A6-CB7391DEA78C}.Debug|x86.ActiveCfg = Debug|Any CPU
		{AD415480-8879-4271-B8A6-CB7391DEA78C}.Debug|x86.Build.0 = Debug|Any CPU
		{AD415480-8879-4271-B8A6-CB7391DEA78C}.Linux|Any CPU.ActiveCfg = Debug|Any CPU
		{AD415480-8879-4271-B8A6-CB7391DEA78C}.Linux|Any CPU.Build.0 = Debug|Any CPU
		{AD415480-8879-4271-B8A6-CB7391DEA78C}.Linux|x86.ActiveCfg = Release|Any CPU
		{AD415480-8879-4271-B8A6-CB7391DEA78C}.Linux|x86.Build.0 = Release|Any CPU
		{AD415480-8879-4271-B8A6-CB7391DEA78C}.Release|Any CPU.ActiveCfg = Release|Any CPU
		{AD415480-8879-4271-B8A6-CB7391DEA78C}.Release|Any CPU.Build.0 = Release|Any CPU
		{AD415480-8879-4271-B8A6-CB7391DEA78C}.Release|x86.ActiveCfg = Release|Any CPU
		{AD415480-8879-4271-B8A6-CB7391DEA78C}.Release|x86.Build.0 = Release|Any CPU
		{89BF640C-76D4-4A04-A997-98594475D60C}.Debug|Any CPU.ActiveCfg = Debug|Any CPU
		{89BF640C-76D4-4A04-A997-98594475D60C}.Debug|Any CPU.Build.0 = Debug|Any CPU
		{89BF640C-76D4-4A04-A997-98594475D60C}.Debug|x86.ActiveCfg = Debug|Any CPU
		{89BF640C-76D4-4A04-A997-98594475D60C}.Debug|x86.Build.0 = Debug|Any CPU
		{89BF640C-76D4-4A04-A997-98594475D60C}.Linux|Any CPU.ActiveCfg = Debug|Any CPU
		{89BF640C-76D4-4A04-A997-98594475D60C}.Linux|Any CPU.Build.0 = Debug|Any CPU
		{89BF640C-76D4-4A04-A997-98594475D60C}.Linux|x86.ActiveCfg = Release|Any CPU
		{89BF640C-76D4-4A04-A997-98594475D60C}.Linux|x86.Build.0 = Release|Any CPU
		{89BF640C-76D4-4A04-A997-98594475D60C}.Release|Any CPU.ActiveCfg = Release|Any CPU
		{89BF640C-76D4-4A04-A997-98594475D60C}.Release|Any CPU.Build.0 = Release|Any CPU
		{89BF640C-76D4-4A04-A997-98594475D60C}.Release|x86.ActiveCfg = Release|Any CPU
		{89BF640C-76D4-4A04-A997-98594475D60C}.Release|x86.Build.0 = Release|Any CPU
		{69EFD9F5-3100-4133-B4F5-289D7B07E448}.Debug|Any CPU.ActiveCfg = Debug|Any CPU
		{69EFD9F5-3100-4133-B4F5-289D7B07E448}.Debug|x86.ActiveCfg = Debug|Any CPU
		{69EFD9F5-3100-4133-B4F5-289D7B07E448}.Debug|x86.Build.0 = Debug|Any CPU
		{69EFD9F5-3100-4133-B4F5-289D7B07E448}.Linux|Any CPU.ActiveCfg = Debug|Any CPU
		{69EFD9F5-3100-4133-B4F5-289D7B07E448}.Linux|x86.ActiveCfg = Release|Any CPU
		{69EFD9F5-3100-4133-B4F5-289D7B07E448}.Linux|x86.Build.0 = Release|Any CPU
		{69EFD9F5-3100-4133-B4F5-289D7B07E448}.Release|Any CPU.ActiveCfg = Release|Any CPU
		{69EFD9F5-3100-4133-B4F5-289D7B07E448}.Release|x86.ActiveCfg = Release|Any CPU
		{69EFD9F5-3100-4133-B4F5-289D7B07E448}.Release|x86.Build.0 = Release|Any CPU
		{C8E2294E-525D-4EBF-95B1-5ACFBB556DC9}.Debug|Any CPU.ActiveCfg = Debug|Any CPU
		{C8E2294E-525D-4EBF-95B1-5ACFBB556DC9}.Debug|Any CPU.Build.0 = Debug|Any CPU
		{C8E2294E-525D-4EBF-95B1-5ACFBB556DC9}.Debug|x86.ActiveCfg = Debug|x86
		{C8E2294E-525D-4EBF-95B1-5ACFBB556DC9}.Debug|x86.Build.0 = Debug|x86
		{C8E2294E-525D-4EBF-95B1-5ACFBB556DC9}.Linux|Any CPU.ActiveCfg = Debug|Any CPU
		{C8E2294E-525D-4EBF-95B1-5ACFBB556DC9}.Linux|Any CPU.Build.0 = Debug|Any CPU
		{C8E2294E-525D-4EBF-95B1-5ACFBB556DC9}.Linux|x86.ActiveCfg = Release|x86
		{C8E2294E-525D-4EBF-95B1-5ACFBB556DC9}.Linux|x86.Build.0 = Release|x86
		{C8E2294E-525D-4EBF-95B1-5ACFBB556DC9}.Release|Any CPU.ActiveCfg = Release|Any CPU
		{C8E2294E-525D-4EBF-95B1-5ACFBB556DC9}.Release|Any CPU.Build.0 = Release|Any CPU
		{C8E2294E-525D-4EBF-95B1-5ACFBB556DC9}.Release|x86.ActiveCfg = Release|x86
		{C8E2294E-525D-4EBF-95B1-5ACFBB556DC9}.Release|x86.Build.0 = Release|x86
		{1B2FA4F4-C320-496F-9365-636D9180BE03}.Debug|Any CPU.ActiveCfg = Debug|Any CPU
		{1B2FA4F4-C320-496F-9365-636D9180BE03}.Debug|Any CPU.Build.0 = Debug|Any CPU
		{1B2FA4F4-C320-496F-9365-636D9180BE03}.Debug|x86.ActiveCfg = Debug|Any CPU
		{1B2FA4F4-C320-496F-9365-636D9180BE03}.Debug|x86.Build.0 = Debug|Any CPU
		{1B2FA4F4-C320-496F-9365-636D9180BE03}.Linux|Any CPU.ActiveCfg = Debug|Any CPU
		{1B2FA4F4-C320-496F-9365-636D9180BE03}.Linux|Any CPU.Build.0 = Debug|Any CPU
		{1B2FA4F4-C320-496F-9365-636D9180BE03}.Linux|x86.ActiveCfg = Release|Any CPU
		{1B2FA4F4-C320-496F-9365-636D9180BE03}.Linux|x86.Build.0 = Release|Any CPU
		{1B2FA4F4-C320-496F-9365-636D9180BE03}.Release|Any CPU.ActiveCfg = Release|Any CPU
		{1B2FA4F4-C320-496F-9365-636D9180BE03}.Release|Any CPU.Build.0 = Release|Any CPU
		{1B2FA4F4-C320-496F-9365-636D9180BE03}.Release|x86.ActiveCfg = Release|Any CPU
		{1B2FA4F4-C320-496F-9365-636D9180BE03}.Release|x86.Build.0 = Release|Any CPU
		{32F411D6-4EB1-41EA-9071-FC4B3FB62E65}.Debug|Any CPU.ActiveCfg = Debug|Any CPU
		{32F411D6-4EB1-41EA-9071-FC4B3FB62E65}.Debug|Any CPU.Build.0 = Debug|Any CPU
		{32F411D6-4EB1-41EA-9071-FC4B3FB62E65}.Debug|x86.ActiveCfg = Debug|Any CPU
		{32F411D6-4EB1-41EA-9071-FC4B3FB62E65}.Debug|x86.Build.0 = Debug|Any CPU
		{32F411D6-4EB1-41EA-9071-FC4B3FB62E65}.Linux|Any CPU.ActiveCfg = Debug|Any CPU
		{32F411D6-4EB1-41EA-9071-FC4B3FB62E65}.Linux|Any CPU.Build.0 = Debug|Any CPU
		{32F411D6-4EB1-41EA-9071-FC4B3FB62E65}.Linux|x86.ActiveCfg = Release|Any CPU
		{32F411D6-4EB1-41EA-9071-FC4B3FB62E65}.Linux|x86.Build.0 = Release|Any CPU
		{32F411D6-4EB1-41EA-9071-FC4B3FB62E65}.Release|Any CPU.ActiveCfg = Release|Any CPU
		{32F411D6-4EB1-41EA-9071-FC4B3FB62E65}.Release|Any CPU.Build.0 = Release|Any CPU
		{32F411D6-4EB1-41EA-9071-FC4B3FB62E65}.Release|x86.ActiveCfg = Release|Any CPU
		{32F411D6-4EB1-41EA-9071-FC4B3FB62E65}.Release|x86.Build.0 = Release|Any CPU
		{7CB586B7-A10B-4540-899B-671B9383605E}.Debug|Any CPU.ActiveCfg = Debug|Any CPU
		{7CB586B7-A10B-4540-899B-671B9383605E}.Debug|Any CPU.Build.0 = Debug|Any CPU
		{7CB586B7-A10B-4540-899B-671B9383605E}.Debug|x86.ActiveCfg = Debug|Any CPU
		{7CB586B7-A10B-4540-899B-671B9383605E}.Debug|x86.Build.0 = Debug|Any CPU
		{7CB586B7-A10B-4540-899B-671B9383605E}.Linux|Any CPU.ActiveCfg = Debug|Any CPU
		{7CB586B7-A10B-4540-899B-671B9383605E}.Linux|Any CPU.Build.0 = Debug|Any CPU
		{7CB586B7-A10B-4540-899B-671B9383605E}.Linux|x86.ActiveCfg = Release|Any CPU
		{7CB586B7-A10B-4540-899B-671B9383605E}.Linux|x86.Build.0 = Release|Any CPU
		{7CB586B7-A10B-4540-899B-671B9383605E}.Release|Any CPU.ActiveCfg = Release|Any CPU
		{7CB586B7-A10B-4540-899B-671B9383605E}.Release|Any CPU.Build.0 = Release|Any CPU
		{7CB586B7-A10B-4540-899B-671B9383605E}.Release|x86.ActiveCfg = Release|Any CPU
		{7CB586B7-A10B-4540-899B-671B9383605E}.Release|x86.Build.0 = Release|Any CPU
		{3B928C9E-A55F-4912-9880-FF134E68AFCA}.Debug|Any CPU.ActiveCfg = Debug|Any CPU
		{3B928C9E-A55F-4912-9880-FF134E68AFCA}.Debug|Any CPU.Build.0 = Debug|Any CPU
		{3B928C9E-A55F-4912-9880-FF134E68AFCA}.Debug|x86.ActiveCfg = Debug|Any CPU
		{3B928C9E-A55F-4912-9880-FF134E68AFCA}.Debug|x86.Build.0 = Debug|Any CPU
		{3B928C9E-A55F-4912-9880-FF134E68AFCA}.Linux|Any CPU.ActiveCfg = Debug|Any CPU
		{3B928C9E-A55F-4912-9880-FF134E68AFCA}.Linux|x86.ActiveCfg = Linux|Any CPU
		{3B928C9E-A55F-4912-9880-FF134E68AFCA}.Linux|x86.Build.0 = Linux|Any CPU
		{3B928C9E-A55F-4912-9880-FF134E68AFCA}.Release|Any CPU.ActiveCfg = Release|Any CPU
		{3B928C9E-A55F-4912-9880-FF134E68AFCA}.Release|Any CPU.Build.0 = Release|Any CPU
		{3B928C9E-A55F-4912-9880-FF134E68AFCA}.Release|x86.ActiveCfg = Release|Any CPU
		{3B928C9E-A55F-4912-9880-FF134E68AFCA}.Release|x86.Build.0 = Release|Any CPU
		{52372C28-0599-4971-8040-3A0AF7C0BD07}.Debug|Any CPU.ActiveCfg = Debug|Any CPU
		{52372C28-0599-4971-8040-3A0AF7C0BD07}.Debug|Any CPU.Build.0 = Debug|Any CPU
		{52372C28-0599-4971-8040-3A0AF7C0BD07}.Debug|x86.ActiveCfg = Debug|Any CPU
		{52372C28-0599-4971-8040-3A0AF7C0BD07}.Debug|x86.Build.0 = Debug|Any CPU
		{52372C28-0599-4971-8040-3A0AF7C0BD07}.Linux|Any CPU.ActiveCfg = Debug|Any CPU
		{52372C28-0599-4971-8040-3A0AF7C0BD07}.Linux|Any CPU.Build.0 = Debug|Any CPU
		{52372C28-0599-4971-8040-3A0AF7C0BD07}.Linux|x86.ActiveCfg = Release|Any CPU
		{52372C28-0599-4971-8040-3A0AF7C0BD07}.Linux|x86.Build.0 = Release|Any CPU
		{52372C28-0599-4971-8040-3A0AF7C0BD07}.Release|Any CPU.ActiveCfg = Release|Any CPU
		{52372C28-0599-4971-8040-3A0AF7C0BD07}.Release|x86.ActiveCfg = Release|Any CPU
		{52372C28-0599-4971-8040-3A0AF7C0BD07}.Release|x86.Build.0 = Release|Any CPU
		{C4EADC9F-E863-4262-A280-A9AEC73DA75E}.Debug|Any CPU.ActiveCfg = Debug|Any CPU
		{C4EADC9F-E863-4262-A280-A9AEC73DA75E}.Debug|Any CPU.Build.0 = Debug|Any CPU
		{C4EADC9F-E863-4262-A280-A9AEC73DA75E}.Debug|x86.ActiveCfg = Debug|Any CPU
		{C4EADC9F-E863-4262-A280-A9AEC73DA75E}.Debug|x86.Build.0 = Debug|Any CPU
		{C4EADC9F-E863-4262-A280-A9AEC73DA75E}.Linux|Any CPU.ActiveCfg = Debug|Any CPU
		{C4EADC9F-E863-4262-A280-A9AEC73DA75E}.Linux|Any CPU.Build.0 = Debug|Any CPU
		{C4EADC9F-E863-4262-A280-A9AEC73DA75E}.Linux|x86.ActiveCfg = Release|Any CPU
		{C4EADC9F-E863-4262-A280-A9AEC73DA75E}.Linux|x86.Build.0 = Release|Any CPU
		{C4EADC9F-E863-4262-A280-A9AEC73DA75E}.Release|Any CPU.ActiveCfg = Release|Any CPU
		{C4EADC9F-E863-4262-A280-A9AEC73DA75E}.Release|Any CPU.Build.0 = Release|Any CPU
		{C4EADC9F-E863-4262-A280-A9AEC73DA75E}.Release|x86.ActiveCfg = Release|Any CPU
		{C4EADC9F-E863-4262-A280-A9AEC73DA75E}.Release|x86.Build.0 = Release|Any CPU
		{BA340F87-CA7E-42C8-ABFF-FC5543B4F4CB}.Debug|Any CPU.ActiveCfg = Debug|Any CPU
		{BA340F87-CA7E-42C8-ABFF-FC5543B4F4CB}.Debug|Any CPU.Build.0 = Debug|Any CPU
		{BA340F87-CA7E-42C8-ABFF-FC5543B4F4CB}.Debug|x86.ActiveCfg = Debug|Any CPU
		{BA340F87-CA7E-42C8-ABFF-FC5543B4F4CB}.Debug|x86.Build.0 = Debug|Any CPU
		{BA340F87-CA7E-42C8-ABFF-FC5543B4F4CB}.Linux|Any CPU.ActiveCfg = Debug|Any CPU
		{BA340F87-CA7E-42C8-ABFF-FC5543B4F4CB}.Linux|Any CPU.Build.0 = Debug|Any CPU
		{BA340F87-CA7E-42C8-ABFF-FC5543B4F4CB}.Linux|x86.ActiveCfg = Release|Any CPU
		{BA340F87-CA7E-42C8-ABFF-FC5543B4F4CB}.Linux|x86.Build.0 = Release|Any CPU
		{BA340F87-CA7E-42C8-ABFF-FC5543B4F4CB}.Release|Any CPU.ActiveCfg = Release|Any CPU
		{BA340F87-CA7E-42C8-ABFF-FC5543B4F4CB}.Release|Any CPU.Build.0 = Release|Any CPU
		{BA340F87-CA7E-42C8-ABFF-FC5543B4F4CB}.Release|x86.ActiveCfg = Release|Any CPU
		{BA340F87-CA7E-42C8-ABFF-FC5543B4F4CB}.Release|x86.Build.0 = Release|Any CPU
		{94FEC88C-CC96-487A-B3E8-0BAC8C384ACF}.Debug|Any CPU.ActiveCfg = Debug|Any CPU
		{94FEC88C-CC96-487A-B3E8-0BAC8C384ACF}.Debug|Any CPU.Build.0 = Debug|Any CPU
		{94FEC88C-CC96-487A-B3E8-0BAC8C384ACF}.Debug|x86.ActiveCfg = Debug|Any CPU
		{94FEC88C-CC96-487A-B3E8-0BAC8C384ACF}.Debug|x86.Build.0 = Debug|Any CPU
		{94FEC88C-CC96-487A-B3E8-0BAC8C384ACF}.Linux|Any CPU.ActiveCfg = Release|Any CPU
		{94FEC88C-CC96-487A-B3E8-0BAC8C384ACF}.Linux|Any CPU.Build.0 = Release|Any CPU
		{94FEC88C-CC96-487A-B3E8-0BAC8C384ACF}.Linux|x86.ActiveCfg = Release|Any CPU
		{94FEC88C-CC96-487A-B3E8-0BAC8C384ACF}.Linux|x86.Build.0 = Release|Any CPU
		{94FEC88C-CC96-487A-B3E8-0BAC8C384ACF}.Release|Any CPU.ActiveCfg = Release|Any CPU
		{94FEC88C-CC96-487A-B3E8-0BAC8C384ACF}.Release|Any CPU.Build.0 = Release|Any CPU
		{94FEC88C-CC96-487A-B3E8-0BAC8C384ACF}.Release|x86.ActiveCfg = Release|Any CPU
		{94FEC88C-CC96-487A-B3E8-0BAC8C384ACF}.Release|x86.Build.0 = Release|Any CPU
	EndGlobalSection
	GlobalSection(SolutionProperties) = preSolution
		HideSolutionNode = FALSE
	EndGlobalSection
	GlobalSection(NestedProjects) = preSolution
		{6D23F5FB-04D4-4D7E-BDFF-FCA718309298} = {760490AD-8443-49C5-86AA-6FAF17A4F737}
		{C3A9D2C3-E35C-4160-9ED9-68B8A5BF5F9C} = {06C8C53D-D91A-44DE-A289-79632BC3939B}
		{B7E18A8E-7797-4865-97CD-97B2915AA774} = {A01B2208-0F78-4008-93DA-B1DC9685DA90}
		{2419C2AF-48A3-40D2-980B-36AB2D81DC74} = {760490AD-8443-49C5-86AA-6FAF17A4F737}
		{BED0F2F6-BD7B-4D6D-8959-98A6E9B6F88A} = {0993A193-5460-474C-B722-BC16481AFE74}
		{AD415480-8879-4271-B8A6-CB7391DEA78C} = {760490AD-8443-49C5-86AA-6FAF17A4F737}
		{89BF640C-76D4-4A04-A997-98594475D60C} = {A01B2208-0F78-4008-93DA-B1DC9685DA90}
		{69EFD9F5-3100-4133-B4F5-289D7B07E448} = {A01B2208-0F78-4008-93DA-B1DC9685DA90}
		{C8E2294E-525D-4EBF-95B1-5ACFBB556DC9} = {A01B2208-0F78-4008-93DA-B1DC9685DA90}
		{1B2FA4F4-C320-496F-9365-636D9180BE03} = {760490AD-8443-49C5-86AA-6FAF17A4F737}
		{32F411D6-4EB1-41EA-9071-FC4B3FB62E65} = {760490AD-8443-49C5-86AA-6FAF17A4F737}
		{7CB586B7-A10B-4540-899B-671B9383605E} = {A01B2208-0F78-4008-93DA-B1DC9685DA90}
		{3B928C9E-A55F-4912-9880-FF134E68AFCA} = {760490AD-8443-49C5-86AA-6FAF17A4F737}
		{52372C28-0599-4971-8040-3A0AF7C0BD07} = {A01B2208-0F78-4008-93DA-B1DC9685DA90}
		{C4EADC9F-E863-4262-A280-A9AEC73DA75E} = {A01B2208-0F78-4008-93DA-B1DC9685DA90}
		{BA340F87-CA7E-42C8-ABFF-FC5543B4F4CB} = {A01B2208-0F78-4008-93DA-B1DC9685DA90}
		{A01B2208-0F78-4008-93DA-B1DC9685DA90} = {0993A193-5460-474C-B722-BC16481AFE74}
		{94FEC88C-CC96-487A-B3E8-0BAC8C384ACF} = {06C8C53D-D91A-44DE-A289-79632BC3939B}
	EndGlobalSection
	GlobalSection(ExtensibilityGlobals) = postSolution
		SolutionGuid = {94862628-5F00-4811-B75B-77E36BB90B78}
	EndGlobalSection
	GlobalSection(MonoDevelopProperties) = preSolution
		StartupItem = DbEntryCorrection\DbEntryCorrection.csproj
		Policies = $0
		$0.TextStylePolicy = $1
		$1.FileWidth = 120
		$1.TabWidth = 4
		$1.inheritsSet = Mono
		$1.inheritsScope = text/plain
	EndGlobalSection
EndGlobal
